
Microsoft Visual Studio Solution File, Format Version 12.00
# Visual Studio Version 17
VisualStudioVersion = 17.7.34202.233
MinimumVisualStudioVersion = 10.0.40219.1
Project("{FAE04EC0-301F-11D3-BF4B-00C04F79EFBC}") = "JenkinDemoProject", "JenkinDemoProject\JenkinDemoProject.csproj", "{1BC4FC7E-F131-4814-AAAB-AAA5ABAD0A7F}"
EndProject
Global
	GlobalSection(SolutionConfigurationPlatforms) = preSolution
		Debug|Any CPU = Debug|Any CPU
		Release|Any CPU = Release|Any CPU
	EndGlobalSection
	GlobalSection(ProjectConfigurationPlatforms) = postSolution
		{1BC4FC7E-F131-4814-AAAB-AAA5ABAD0A7F}.Debug|Any CPU.ActiveCfg = Debug|Any CPU
		{1BC4FC7E-F131-4814-AAAB-AAA5ABAD0A7F}.Debug|Any CPU.Build.0 = Debug|Any CPU
		{1BC4FC7E-F131-4814-AAAB-AAA5ABAD0A7F}.Release|Any CPU.ActiveCfg = Release|Any CPU
		{1BC4FC7E-F131-4814-AAAB-AAA5ABAD0A7F}.Release|Any CPU.Build.0 = Release|Any CPU
	EndGlobalSection
	GlobalSection(SolutionProperties) = preSolution
		HideSolutionNode = FALSE
	EndGlobalSection
	GlobalSection(ExtensibilityGlobals) = postSolution
		SolutionGuid = {4ACBA2F8-77CC-4C87-B41B-73DE35D193A2}
	EndGlobalSection
EndGlobal
